# ---------------------------------------------------------------------------
# band_sram ALONE. One question, one minute.
#
# Synthesising all of layer_top to ask about band_sram's memories was a bad
# trade: layer_top has three independent things that can blow up synthesis
# (band_sram's arrays, wmem's lane write, rowacc's async dual-index read) and
# a stalled compile does not say which. This isolates the first one.
#
# band_sram on its own is nine RAMs plus a shift register. If it does not
# finish in about a minute, the memories are being built from logic and that
# IS the answer.
#
# WHAT TO LOOK FOR
#   good : "Inferred 9 megafunctions ... altsyncram", ~590 Kb block memory,
#          a few hundred logic cells
#   bad  : "RAM logic "m" is uninferred due to ..." -- the reason given is
#          the thing to fix
# ---------------------------------------------------------------------------

set_global_assignment -name FAMILY "Cyclone IV GX"
set_global_assignment -name DEVICE EP4CGX150DF31C7
set_global_assignment -name TOP_LEVEL_ENTITY band_sram

set_global_assignment -name SYSTEMVERILOG_FILE ../../../rtl/rtl_design/band_sram.sv

set_global_assignment -name AUTO_RAM_RECOGNITION ON
set_global_assignment -name AUTO_SHIFT_REGISTER_RECOGNITION OFF
set_global_assignment -name NUM_PARALLEL_PROCESSORS 4

set_global_assignment -name LAST_QUARTUS_VERSION "25.1std.0 Lite Edition"
set_instance_assignment -name PARTITION_HIERARCHY root_partition -to | -section_id Top
set_global_assignment -name PARTITION_NETLIST_TYPE SOURCE -section_id Top
set_global_assignment -name PARTITION_FITTER_PRESERVATION_LEVEL PLACEMENT_AND_ROUTING -section_id Top
set_global_assignment -name PARTITION_COLOR 16764057 -section_id Top