# --------------------------------------------------------------------------
# Pin assignments for the DE2i-150 (Cyclone IV GX EP4CGX150DF31C7).
#
# SOURCE: DE2i-150 FPGA System User Manual v1.3 (2015-08-20), Tables 3-3
# (push-buttons, p32), 3-4 (LEDs, p33) and 3-6 (clock inputs, p36).
# Downloaded from the Terasic DE2i-150 product page, Resources tab.
#
# These are transcribed from the manufacturer's tables, NOT inferred. The
# board has SDRAM, flash, PCIe and video populated, so a wrong location is
# a contention path, not a cosmetic error.
#
# NOTE THE MIXED I/O STANDARDS. CLOCK_50 is a 3.3 V input; every LED and
# push-button is 2.5 V. A single global setting cannot express that, which
# is why each pin carries its own IOSTANDARD below.
#
# Polarity, also from the manual:
#   LEDs  driving the pin HIGH turns the LED on   (p31)
#   KEY   HIGH when released, LOW when depressed, hardware-debounced by
#         Schmitt triggers, so no debounce logic is needed in the design
# Both match what de2i150_mac_top.sv already assumes.
# --------------------------------------------------------------------------

set_location_assignment PIN_AJ16 -to CLOCK_50
set_instance_assignment -name IO_STANDARD "3.3-V LVTTL" -to CLOCK_50

set_location_assignment PIN_AA26 -to KEY[0]
set_instance_assignment -name IO_STANDARD "2.5 V" -to KEY[0]
set_location_assignment PIN_AE25 -to KEY[1]
set_instance_assignment -name IO_STANDARD "2.5 V" -to KEY[1]
set_location_assignment PIN_AF30 -to KEY[2]
set_instance_assignment -name IO_STANDARD "2.5 V" -to KEY[2]
set_location_assignment PIN_AE26 -to KEY[3]
set_instance_assignment -name IO_STANDARD "2.5 V" -to KEY[3]

set_location_assignment PIN_AA25 -to LEDG[0]
set_instance_assignment -name IO_STANDARD "2.5 V" -to LEDG[0]
set_location_assignment PIN_AB25 -to LEDG[1]
set_instance_assignment -name IO_STANDARD "2.5 V" -to LEDG[1]
set_location_assignment PIN_F27 -to LEDG[2]
set_instance_assignment -name IO_STANDARD "2.5 V" -to LEDG[2]
set_location_assignment PIN_F26 -to LEDG[3]
set_instance_assignment -name IO_STANDARD "2.5 V" -to LEDG[3]
set_location_assignment PIN_W26 -to LEDG[4]
set_instance_assignment -name IO_STANDARD "2.5 V" -to LEDG[4]
set_location_assignment PIN_Y22 -to LEDG[5]
set_instance_assignment -name IO_STANDARD "2.5 V" -to LEDG[5]
set_location_assignment PIN_Y25 -to LEDG[6]
set_instance_assignment -name IO_STANDARD "2.5 V" -to LEDG[6]
set_location_assignment PIN_AA22 -to LEDG[7]
set_instance_assignment -name IO_STANDARD "2.5 V" -to LEDG[7]
set_location_assignment PIN_J25 -to LEDG[8]
set_instance_assignment -name IO_STANDARD "2.5 V" -to LEDG[8]

set_location_assignment PIN_T23 -to LEDR[0]
set_instance_assignment -name IO_STANDARD "2.5 V" -to LEDR[0]
set_location_assignment PIN_T24 -to LEDR[1]
set_instance_assignment -name IO_STANDARD "2.5 V" -to LEDR[1]
set_location_assignment PIN_V27 -to LEDR[2]
set_instance_assignment -name IO_STANDARD "2.5 V" -to LEDR[2]
set_location_assignment PIN_W25 -to LEDR[3]
set_instance_assignment -name IO_STANDARD "2.5 V" -to LEDR[3]
set_location_assignment PIN_T21 -to LEDR[4]
set_instance_assignment -name IO_STANDARD "2.5 V" -to LEDR[4]
set_location_assignment PIN_T26 -to LEDR[5]
set_instance_assignment -name IO_STANDARD "2.5 V" -to LEDR[5]
set_location_assignment PIN_R25 -to LEDR[6]
set_instance_assignment -name IO_STANDARD "2.5 V" -to LEDR[6]
set_location_assignment PIN_T27 -to LEDR[7]
set_instance_assignment -name IO_STANDARD "2.5 V" -to LEDR[7]
set_location_assignment PIN_P25 -to LEDR[8]
set_instance_assignment -name IO_STANDARD "2.5 V" -to LEDR[8]
set_location_assignment PIN_R24 -to LEDR[9]
set_instance_assignment -name IO_STANDARD "2.5 V" -to LEDR[9]
set_location_assignment PIN_P21 -to LEDR[10]
set_instance_assignment -name IO_STANDARD "2.5 V" -to LEDR[10]
set_location_assignment PIN_N24 -to LEDR[11]
set_instance_assignment -name IO_STANDARD "2.5 V" -to LEDR[11]
set_location_assignment PIN_N21 -to LEDR[12]
set_instance_assignment -name IO_STANDARD "2.5 V" -to LEDR[12]
set_location_assignment PIN_M25 -to LEDR[13]
set_instance_assignment -name IO_STANDARD "2.5 V" -to LEDR[13]
set_location_assignment PIN_K24 -to LEDR[14]
set_instance_assignment -name IO_STANDARD "2.5 V" -to LEDR[14]
set_location_assignment PIN_L25 -to LEDR[15]
set_instance_assignment -name IO_STANDARD "2.5 V" -to LEDR[15]
set_location_assignment PIN_M21 -to LEDR[16]
set_instance_assignment -name IO_STANDARD "2.5 V" -to LEDR[16]
set_location_assignment PIN_M22 -to LEDR[17]
set_instance_assignment -name IO_STANDARD "2.5 V" -to LEDR[17]
